
Microsoft Visual Studio Solution File, Format Version 12.00
# Visual Studio Version 17
VisualStudioVersion = 17.9.34728.123
MinimumVisualStudioVersion = 10.0.40219.1
Project("{FAE04EC0-301F-11D3-BF4B-00C04F79EFBC}") = "OOP_Course_work", "OOP_Course_work.csproj", "{0B2F034B-373B-456A-A9CF-3BCAF4D242F2}"
EndProject
Global
	GlobalSection(SolutionConfigurationPlatforms) = preSolution
		Debug|Any CPU = Debug|Any CPU
		Release|Any CPU = Release|Any CPU
	EndGlobalSection
	GlobalSection(ProjectConfigurationPlatforms) = postSolution
		{0B2F034B-373B-456A-A9CF-3BCAF4D242F2}.Debug|Any CPU.ActiveCfg = Debug|Any CPU
		{0B2F034B-373B-456A-A9CF-3BCAF4D242F2}.Debug|Any CPU.Build.0 = Debug|Any CPU
		{0B2F034B-373B-456A-A9CF-3BCAF4D242F2}.Release|Any CPU.ActiveCfg = Release|Any CPU
		{0B2F034B-373B-456A-A9CF-3BCAF4D242F2}.Release|Any CPU.Build.0 = Release|Any CPU
	EndGlobalSection
	GlobalSection(SolutionProperties) = preSolution
		HideSolutionNode = FALSE
	EndGlobalSection
	GlobalSection(ExtensibilityGlobals) = postSolution
		SolutionGuid = {5105EB67-4357-4CC3-99FB-F3B535863AA3}
	EndGlobalSection
EndGlobal
